// !$*UTF8*$!
{
	archiveVersion = 1;
	classes = {
	};
	objectVersion = 56;
	objects = {

/* Begin PBXBuildFile section */
		300832E92BC4806900FAE68E /* CatsOrDogsApp.swift in Sources */ = {isa = PBXBuildFile; fileRef = 300832E82BC4806900FAE68E /* CatsOrDogsApp.swift */; };
		300832EB2BC4806900FAE68E /* ContentView.swift in Sources */ = {isa = PBXBuildFile; fileRef = 300832EA2BC4806900FAE68E /* ContentView.swift */; };
		300832ED2BC4806C00FAE68E /* Assets.xcassets in Resources */ = {isa = PBXBuildFile; fileRef = 300832EC2BC4806C00FAE68E /* Assets.xcassets */; };
		300832F02BC4806C00FAE68E /* Preview Assets.xcassets in Resources */ = {isa = PBXBuildFile; fileRef = 300832EF2BC4806C00FAE68E /* Preview Assets.xcassets */; };
		300832F72BC4814400FAE68E /* sample.json in Resources */ = {isa = PBXBuildFile; fileRef = 300832F62BC4814400FAE68E /* sample.json */; };
		300832F92BC4814E00FAE68E /* MobileNetV2.mlmodel in Sources */ = {isa = PBXBuildFile; fileRef = 300832F82BC4814E00FAE68E /* MobileNetV2.mlmodel */; };
		300832FB2BC4815A00FAE68E /* Constants.swift in Sources */ = {isa = PBXBuildFile; fileRef = 300832FA2BC4815A00FAE68E /* Constants.swift */; };
		300832FD2BC4817E00FAE68E /* Animal.swift in Sources */ = {isa = PBXBuildFile; fileRef = 300832FC2BC4817E00FAE68E /* Animal.swift */; };
		300832FF2BC4846000FAE68E /* AnimalModel.swift in Sources */ = {isa = PBXBuildFile; fileRef = 300832FE2BC4846000FAE68E /* AnimalModel.swift */; };
/* End PBXBuildFile section */

/* Begin PBXFileReference section */
		300832E52BC4806900FAE68E /* CatsOrDogs.app */ = {isa = PBXFileReference; explicitFileType = wrapper.application; includeInIndex = 0; path = CatsOrDogs.app; sourceTree = BUILT_PRODUCTS_DIR; };
		300832E82BC4806900FAE68E /* CatsOrDogsApp.swift */ = {isa = PBXFileReference; lastKnownFileType = sourcecode.swift; path = CatsOrDogsApp.swift; sourceTree = "<group>"; };
		300832EA2BC4806900FAE68E /* ContentView.swift */ = {isa = PBXFileReference; lastKnownFileType = sourcecode.swift; path = ContentView.swift; sourceTree = "<group>"; };
		300832EC2BC4806C00FAE68E /* Assets.xcassets */ = {isa = PBXFileReference; lastKnownFileType = folder.assetcatalog; path = Assets.xcassets; sourceTree = "<group>"; };
		300832EF2BC4806C00FAE68E /* Preview Assets.xcassets */ = {isa = PBXFileReference; lastKnownFileType = folder.assetcatalog; path = "Preview Assets.xcassets"; sourceTree = "<group>"; };
		300832F62BC4814400FAE68E /* sample.json */ = {isa = PBXFileReference; fileEncoding = 4; lastKnownFileType = text.json; path = sample.json; sourceTree = "<group>"; };
		300832F82BC4814E00FAE68E /* MobileNetV2.mlmodel */ = {isa = PBXFileReference; lastKnownFileType = file.mlmodel; path = MobileNetV2.mlmodel; sourceTree = "<group>"; };
		300832FA2BC4815A00FAE68E /* Constants.swift */ = {isa = PBXFileReference; fileEncoding = 4; lastKnownFileType = sourcecode.swift; path = Constants.swift; sourceTree = "<group>"; };
		300832FC2BC4817E00FAE68E /* Animal.swift */ = {isa = PBXFileReference; lastKnownFileType = sourcecode.swift; path = Animal.swift; sourceTree = "<group>"; };
		300832FE2BC4846000FAE68E /* AnimalModel.swift */ = {isa = PBXFileReference; lastKnownFileType = sourcecode.swift; path = AnimalModel.swift; sourceTree = "<group>"; };
/* End PBXFileReference section */

/* Begin PBXFrameworksBuildPhase section */
		300832E22BC4806900FAE68E /* Frameworks */ = {
			isa = PBXFrameworksBuildPhase;
			buildActionMask = 2147483647;
			files = (
			);
			runOnlyForDeploymentPostprocessing = 0;
		};
/* End PBXFrameworksBuildPhase section */

/* Begin PBXGroup section */
		300832DC2BC4806900FAE68E = {
			isa = PBXGroup;
			children = (
				300832E72BC4806900FAE68E /* CatsOrDogs */,
				300832E62BC4806900FAE68E /* Products */,
			);
			sourceTree = "<group>";
		};
		300832E62BC4806900FAE68E /* Products */ = {
			isa = PBXGroup;
			children = (
				300832E52BC4806900FAE68E /* CatsOrDogs.app */,
			);
			name = Products;
			sourceTree = "<group>";
		};
		300832E72BC4806900FAE68E /* CatsOrDogs */ = {
			isa = PBXGroup;
			children = (
				300832E82BC4806900FAE68E /* CatsOrDogsApp.swift */,
				300832F82BC4814E00FAE68E /* MobileNetV2.mlmodel */,
				300832F62BC4814400FAE68E /* sample.json */,
				300832EA2BC4806900FAE68E /* ContentView.swift */,
				300832FA2BC4815A00FAE68E /* Constants.swift */,
				300832EC2BC4806C00FAE68E /* Assets.xcassets */,
				300832EE2BC4806C00FAE68E /* Preview Content */,
				300832FC2BC4817E00FAE68E /* Animal.swift */,
				300832FE2BC4846000FAE68E /* AnimalModel.swift */,
			);
			path = CatsOrDogs;
			sourceTree = "<group>";
		};
		300832EE2BC4806C00FAE68E /* Preview Content */ = {
			isa = PBXGroup;
			children = (
				300832EF2BC4806C00FAE68E /* Preview Assets.xcassets */,
			);
			path = "Preview Content";
			sourceTree = "<group>";
		};
/* End PBXGroup section */

/* Begin PBXNativeTarget section */
		300832E42BC4806900FAE68E /* CatsOrDogs */ = {
			isa = PBXNativeTarget;
			buildConfigurationList = 300832F32BC4806C00FAE68E /* Build configuration list for PBXNativeTarget "CatsOrDogs" */;
			buildPhases = (
				300832E12BC4806900FAE68E /* Sources */,
				300832E22BC4806900FAE68E /* Frameworks */,
				300832E32BC4806900FAE68E /* Resources */,
			);
			buildRules = (
			);
			dependencies = (
			);
			name = CatsOrDogs;
			productName = CatsOrDogs;
			productReference = 300832E52BC4806900FAE68E /* CatsOrDogs.app */;
			productType = "com.apple.product-type.application";
		};
/* End PBXNativeTarget section */

/* Begin PBXProject section */
		300832DD2BC4806900FAE68E /* Project object */ = {
			isa = PBXProject;
			attributes = {
				BuildIndependentTargetsInParallel = 1;
				LastSwiftUpdateCheck = 1530;
				LastUpgradeCheck = 1530;
				TargetAttributes = {
					300832E42BC4806900FAE68E = {
						CreatedOnToolsVersion = 15.3;
					};
				};
			};
			buildConfigurationList = 300832E02BC4806900FAE68E /* Build configuration list for PBXProject "CatsOrDogs" */;
			compatibilityVersion = "Xcode 14.0";
			developmentRegion = en;
			hasScannedForEncodings = 0;
			knownRegions = (
				en,
				Base,
			);
			mainGroup = 300832DC2BC4806900FAE68E;
			productRefGroup = 300832E62BC4806900FAE68E /* Products */;
			projectDirPath = "";
			projectRoot = "";
			targets = (
				300832E42BC4806900FAE68E /* CatsOrDogs */,
			);
		};
/* End PBXProject section */

/* Begin PBXResourcesBuildPhase section */
		300832E32BC4806900FAE68E /* Resources */ = {
			isa = PBXResourcesBuildPhase;
			buildActionMask = 2147483647;
			files = (
				300832F02BC4806C00FAE68E /* Preview Assets.xcassets in Resources */,
				300832ED2BC4806C00FAE68E /* Assets.xcassets in Resources */,
				300832F72BC4814400FAE68E /* sample.json in Resources */,
			);
			runOnlyForDeploymentPostprocessing = 0;
		};
/* End PBXResourcesBuildPhase section */

/* Begin PBXSourcesBuildPhase section */
		300832E12BC4806900FAE68E /* Sources */ = {
			isa = PBXSourcesBuildPhase;
			buildActionMask = 2147483647;
			files = (
				300832F92BC4814E00FAE68E /* MobileNetV2.mlmodel in Sources */,
				300832FF2BC4846000FAE68E /* AnimalModel.swift in Sources */,
				300832EB2BC4806900FAE68E /* ContentView.swift in Sources */,
				300832E92BC4806900FAE68E /* CatsOrDogsApp.swift in Sources */,
				300832FB2BC4815A00FAE68E /* Constants.swift in Sources */,
				300832FD2BC4817E00FAE68E /* Animal.swift in Sources */,
			);
			runOnlyForDeploymentPostprocessing = 0;
		};
/* End PBXSourcesBuildPhase section */

/* Begin XCBuildConfiguration section */
		300832F12BC4806C00FAE68E /* Debug */ = {
			isa = XCBuildConfiguration;
			buildSettings = {
				ALWAYS_SEARCH_USER_PATHS = NO;
				ASSETCATALOG_COMPILER_GENERATE_SWIFT_ASSET_SYMBOL_EXTENSIONS = YES;
				CLANG_ANALYZER_NONNULL = YES;
				CLANG_ANALYZER_NUMBER_OBJECT_CONVERSION = YES_AGGRESSIVE;
				CLANG_CXX_LANGUAGE_STANDARD = "gnu++20";
				CLANG_ENABLE_MODULES = YES;
				CLANG_ENABLE_OBJC_ARC = YES;
				CLANG_ENABLE_OBJC_WEAK = YES;
				CLANG_WARN_BLOCK_CAPTURE_AUTORELEASING = YES;
				CLANG_WARN_BOOL_CONVERSION = YES;
				CLANG_WARN_COMMA = YES;
				CLANG_WARN_CONSTANT_CONVERSION = YES;
				CLANG_WARN_DEPRECATED_OBJC_IMPLEMENTATIONS = YES;
				CLANG_WARN_DIRECT_OBJC_ISA_USAGE = YES_ERROR;
				CLANG_WARN_DOCUMENTATION_COMMENTS = YES;
				CLANG_WARN_EMPTY_BODY = YES;
				CLANG_WARN_ENUM_CONVERSION = YES;
				CLANG_WARN_INFINITE_RECURSION = YES;
				CLANG_WARN_INT_CONVERSION = YES;
				CLANG_WARN_NON_LITERAL_NULL_CONVERSION = YES;
				CLANG_WARN_OBJC_IMPLICIT_RETAIN_SELF = YES;
				CLANG_WARN_OBJC_LITERAL_CONVERSION = YES;
				CLANG_WARN_OBJC_ROOT_CLASS = YES_ERROR;
				CLANG_WARN_QUOTED_INCLUDE_IN_FRAMEWORK_HEADER = YES;
				CLANG_WARN_RANGE_LOOP_ANALYSIS = YES;
				CLANG_WARN_STRICT_PROTOTYPES = YES;
				CLANG_WARN_SUSPICIOUS_MOVE = YES;
				CLANG_WARN_UNGUARDED_AVAILABILITY = YES_AGGRESSIVE;
				CLANG_WARN_UNREACHABLE_CODE = YES;
				CLANG_WARN__DUPLICATE_METHOD_MATCH = YES;
				COPY_PHASE_STRIP = NO;
				DEBUG_INFORMATION_FORMAT = dwarf;
				ENABLE_STRICT_OBJC_MSGSEND = YES;
				ENABLE_TESTABILITY = YES;
				ENABLE_USER_SCRIPT_SANDBOXING = YES;
				GCC_C_LANGUAGE_STANDARD = gnu17;
				GCC_DYNAMIC_NO_PIC = NO;
				GCC_NO_COMMON_BLOCKS = YES;
				GCC_OPTIMIZATION_LEVEL = 0;
				GCC_PREPROCESSOR_DEFINITIONS = (
					"DEBUG=1",
					"$(inherited)",
				);
				GCC_WARN_64_TO_32_BIT_CONVERSION = YES;
				GCC_WARN_ABOUT_RETURN_TYPE = YES_ERROR;
				GCC_WARN_UNDECLARED_SELECTOR = YES;
				GCC_WARN_UNINITIALIZED_AUTOS = YES_AGGRESSIVE;
				GCC_WARN_UNUSED_FUNCTION = YES;
				GCC_WARN_UNUSED_VARIABLE = YES;
				IPHONEOS_DEPLOYMENT_TARGET = 17.4;
				LOCALIZATION_PREFERS_STRING_CATALOGS = YES;
				MTL_ENABLE_DEBUG_INFO = INCLUDE_SOURCE;
				MTL_FAST_MATH = YES;
				ONLY_ACTIVE_ARCH = YES;
				SDKROOT = iphoneos;
				SWIFT_ACTIVE_COMPILATION_CONDITIONS = "DEBUG $(inherited)";
				SWIFT_OPTIMIZATION_LEVEL = "-Onone";
			};
			name = Debug;
		};
		300832F22BC4806C00FAE68E /* Release */ = {
			isa = XCBuildConfiguration;
			buildSettings = {
				ALWAYS_SEARCH_USER_PATHS = NO;
				ASSETCATALOG_COMPILER_GENERATE_SWIFT_ASSET_SYMBOL_EXTENSIONS = YES;
				CLANG_ANALYZER_NONNULL = YES;
				CLANG_ANALYZER_NUMBER_OBJECT_CONVERSION = YES_AGGRESSIVE;
				CLANG_CXX_LANGUAGE_STANDARD = "gnu++20";
				CLANG_ENABLE_MODULES = YES;
				CLANG_ENABLE_OBJC_ARC = YES;
				CLANG_ENABLE_OBJC_WEAK = YES;
				CLANG_WARN_BLOCK_CAPTURE_AUTORELEASING = YES;
				CLANG_WARN_BOOL_CONVERSION = YES;
				CLANG_WARN_COMMA = YES;
				CLANG_WARN_CONSTANT_CONVERSION = YES;
				CLANG_WARN_DEPRECATED_OBJC_IMPLEMENTATIONS = YES;
				CLANG_WARN_DIRECT_OBJC_ISA_USAGE = YES_ERROR;
				CLANG_WARN_DOCUMENTATION_COMMENTS = YES;
				CLANG_WARN_EMPTY_BODY = YES;
				CLANG_WARN_ENUM_CONVERSION = YES;
				CLANG_WARN_INFINITE_RECURSION = YES;
				CLANG_WARN_INT_CONVERSION = YES;
				CLANG_WARN_NON_LITERAL_NULL_CONVERSION = YES;
				CLANG_WARN_OBJC_IMPLICIT_RETAIN_SELF = YES;
				CLANG_WARN_OBJC_LITERAL_CONVERSION = YES;
				CLANG_WARN_OBJC_ROOT_CLASS = YES_ERROR;
				CLANG_WARN_QUOTED_INCLUDE_IN_FRAMEWORK_HEADER = YES;
				CLANG_WARN_RANGE_LOOP_ANALYSIS = YES;
				CLANG_WARN_STRICT_PROTOTYPES = YES;
				CLANG_WARN_SUSPICIOUS_MOVE = YES;
				CLANG_WARN_UNGUARDED_AVAILABILITY = YES_AGGRESSIVE;
				CLANG_WARN_UNREACHABLE_CODE = YES;
				CLANG_WARN__DUPLICATE_METHOD_MATCH = YES;
				COPY_PHASE_STRIP = NO;
				DEBUG_INFORMATION_FORMAT = "dwarf-with-dsym";
				ENABLE_NS_ASSERTIONS = NO;
				ENABLE_STRICT_OBJC_MSGSEND = YES;
				ENABLE_USER_SCRIPT_SANDBOXING = YES;
				GCC_C_LANGUAGE_STANDARD = gnu17;
				GCC_NO_COMMON_BLOCKS = YES;
				GCC_WARN_64_TO_32_BIT_CONVERSION = YES;
				GCC_WARN_ABOUT_RETURN_TYPE = YES_ERROR;
				GCC_WARN_UNDECLARED_SELECTOR = YES;
				GCC_WARN_UNINITIALIZED_AUTOS = YES_AGGRESSIVE;
				GCC_WARN_UNUSED_FUNCTION = YES;
				GCC_WARN_UNUSED_VARIABLE = YES;
				IPHONEOS_DEPLOYMENT_TARGET = 17.4;
				LOCALIZATION_PREFERS_STRING_CATALOGS = YES;
				MTL_ENABLE_DEBUG_INFO = NO;
				MTL_FAST_MATH = YES;
				SDKROOT = iphoneos;
				SWIFT_COMPILATION_MODE = wholemodule;
				VALIDATE_PRODUCT = YES;
			};
			name = Release;
		};
		300832F42BC4806C00FAE68E /* Debug */ = {
			isa = XCBuildConfiguration;
			buildSettings = {
				ASSETCATALOG_COMPILER_APPICON_NAME = AppIcon;
				ASSETCATALOG_COMPILER_GLOBAL_ACCENT_COLOR_NAME = AccentColor;
				CODE_SIGN_STYLE = Automatic;
				CURRENT_PROJECT_VERSION = 1;
				DEVELOPMENT_ASSET_PATHS = "\"CatsOrDogs/Preview Content\"";
				DEVELOPMENT_TEAM = WT2PU673UT;
				ENABLE_PREVIEWS = YES;
				GENERATE_INFOPLIST_FILE = YES;
				INFOPLIST_KEY_UIApplicationSceneManifest_Generation = YES;
				INFOPLIST_KEY_UIApplicationSupportsIndirectInputEvents = YES;
				INFOPLIST_KEY_UILaunchScreen_Generation = YES;
				INFOPLIST_KEY_UISupportedInterfaceOrientations_iPad = "UIInterfaceOrientationPortrait UIInterfaceOrientationPortraitUpsideDown UIInterfaceOrientationLandscapeLeft UIInterfaceOrientationLandscapeRight";
				INFOPLIST_KEY_UISupportedInterfaceOrientations_iPhone = "UIInterfaceOrientationPortrait UIInterfaceOrientationLandscapeLeft UIInterfaceOrientationLandscapeRight";
				LD_RUNPATH_SEARCH_PATHS = (
					"$(inherited)",
					"@executable_path/Frameworks",
				);
				MARKETING_VERSION = 1.0;
				PRODUCT_BUNDLE_IDENTIFIER = "Olivia-Lopes.CatsOrDogs";
				PRODUCT_NAME = "$(TARGET_NAME)";
				SWIFT_EMIT_LOC_STRINGS = YES;
				SWIFT_VERSION = 5.0;
				TARGETED_DEVICE_FAMILY = "1,2";
			};
			name = Debug;
		};
		300832F52BC4806C00FAE68E /* Release */ = {
			isa = XCBuildConfiguration;
			buildSettings = {
				ASSETCATALOG_COMPILER_APPICON_NAME = AppIcon;
				ASSETCATALOG_COMPILER_GLOBAL_ACCENT_COLOR_NAME = AccentColor;
				CODE_SIGN_STYLE = Automatic;
				CURRENT_PROJECT_VERSION = 1;
				DEVELOPMENT_ASSET_PATHS = "\"CatsOrDogs/Preview Content\"";
				DEVELOPMENT_TEAM = WT2PU673UT;
				ENABLE_PREVIEWS = YES;
				GENERATE_INFOPLIST_FILE = YES;
				INFOPLIST_KEY_UIApplicationSceneManifest_Generation = YES;
				INFOPLIST_KEY_UIApplicationSupportsIndirectInputEvents = YES;
				INFOPLIST_KEY_UILaunchScreen_Generation = YES;
				INFOPLIST_KEY_UISupportedInterfaceOrientations_iPad = "UIInterfaceOrientationPortrait UIInterfaceOrientationPortraitUpsideDown UIInterfaceOrientationLandscapeLeft UIInterfaceOrientationLandscapeRight";
				INFOPLIST_KEY_UISupportedInterfaceOrientations_iPhone = "UIInterfaceOrientationPortrait UIInterfaceOrientationLandscapeLeft UIInterfaceOrientationLandscapeRight";
				LD_RUNPATH_SEARCH_PATHS = (
					"$(inherited)",
					"@executable_path/Frameworks",
				);
				MARKETING_VERSION = 1.0;
				PRODUCT_BUNDLE_IDENTIFIER = "Olivia-Lopes.CatsOrDogs";
				PRODUCT_NAME = "$(TARGET_NAME)";
				SWIFT_EMIT_LOC_STRINGS = YES;
				SWIFT_VERSION = 5.0;
				TARGETED_DEVICE_FAMILY = "1,2";
			};
			name = Release;
		};
/* End XCBuildConfiguration section */

/* Begin XCConfigurationList section */
		300832E02BC4806900FAE68E /* Build configuration list for PBXProject "CatsOrDogs" */ = {
			isa = XCConfigurationList;
			buildConfigurations = (
				300832F12BC4806C00FAE68E /* Debug */,
				300832F22BC4806C00FAE68E /* Release */,
			);
			defaultConfigurationIsVisible = 0;
			defaultConfigurationName = Release;
		};
		300832F32BC4806C00FAE68E /* Build configuration list for PBXNativeTarget "CatsOrDogs" */ = {
			isa = XCConfigurationList;
			buildConfigurations = (
				300832F42BC4806C00FAE68E /* Debug */,
				300832F52BC4806C00FAE68E /* Release */,
			);
			defaultConfigurationIsVisible = 0;
			defaultConfigurationName = Release;
		};
/* End XCConfigurationList section */
	};
	rootObject = 300832DD2BC4806900FAE68E /* Project object */;
}
